
Microsoft Visual Studio Solution File, Format Version 12.00
# Visual Studio Version 17
VisualStudioVersion = 17.3.32929.385
MinimumVisualStudioVersion = 10.0.40219.1
Project("{FAE04EC0-301F-11D3-BF4B-00C04F79EFBC}") = "FullStackTest.Data", "FullStackTest.Data\FullStackTest.Data.csproj", "{DC182AB6-CBD4-47C1-A4BB-171186A9C26E}"
EndProject
Project("{FAE04EC0-301F-11D3-BF4B-00C04F79EFBC}") = "FullStackTest.Domain", "FullStackTest.Domain\FullStackTest.Domain.csproj", "{514E5571-734D-4729-A4B5-E17DCB1077A5}"
EndProject
Project("{FAE04EC0-301F-11D3-BF4B-00C04F79EFBC}") = "FullStackTest.Api", "FullStackTest.Api\FullStackTest.Api.csproj", "{36DB1A6B-77DF-4BA6-82F8-4137978502F4}"
EndProject
Global
	GlobalSection(SolutionConfigurationPlatforms) = preSolution
		Debug|Any CPU = Debug|Any CPU
		Release|Any CPU = Release|Any CPU
	EndGlobalSection
	GlobalSection(ProjectConfigurationPlatforms) = postSolution
		{DC182AB6-CBD4-47C1-A4BB-171186A9C26E}.Debug|Any CPU.ActiveCfg = Debug|Any CPU
		{DC182AB6-CBD4-47C1-A4BB-171186A9C26E}.Debug|Any CPU.Build.0 = Debug|Any CPU
		{DC182AB6-CBD4-47C1-A4BB-171186A9C26E}.Release|Any CPU.ActiveCfg = Release|Any CPU
		{DC182AB6-CBD4-47C1-A4BB-171186A9C26E}.Release|Any CPU.Build.0 = Release|Any CPU
		{514E5571-734D-4729-A4B5-E17DCB1077A5}.Debug|Any CPU.ActiveCfg = Debug|Any CPU
		{514E5571-734D-4729-A4B5-E17DCB1077A5}.Debug|Any CPU.Build.0 = Debug|Any CPU
		{514E5571-734D-4729-A4B5-E17DCB1077A5}.Release|Any CPU.ActiveCfg = Release|Any CPU
		{514E5571-734D-4729-A4B5-E17DCB1077A5}.Release|Any CPU.Build.0 = Release|Any CPU
		{36DB1A6B-77DF-4BA6-82F8-4137978502F4}.Debug|Any CPU.ActiveCfg = Debug|Any CPU
		{36DB1A6B-77DF-4BA6-82F8-4137978502F4}.Debug|Any CPU.Build.0 = Debug|Any CPU
		{36DB1A6B-77DF-4BA6-82F8-4137978502F4}.Release|Any CPU.ActiveCfg = Release|Any CPU
		{36DB1A6B-77DF-4BA6-82F8-4137978502F4}.Release|Any CPU.Build.0 = Release|Any CPU
	EndGlobalSection
	GlobalSection(SolutionProperties) = preSolution
		HideSolutionNode = FALSE
	EndGlobalSection
	GlobalSection(ExtensibilityGlobals) = postSolution
		SolutionGuid = {CACECBA0-0F3F-4667-B39D-77E92588714B}
	EndGlobalSection
EndGlobal
